{
  "nodes": {
    "nixpkgs": {
      "locked": {
        "lastModified": 1770141374,
        "narHash": "sha256-maAcidx6pHsZx2x8tpi/hQs+pGySAZF074Z+aZW+Hxw=",
        "rev": "41965737c1797c1d83cfb0b644ed0840a6220bd1",
        "type": "tarball",
        "url": "https://releases.nixos.org/nixpkgs/nixpkgs-26.05pre939860.41965737c179/nixexprs.tar.xz"
      },
      "original": {
        "type": "tarball",
        "url": "https://channels.nixos.org/nixpkgs-unstable/nixexprs.tar.xz"
      }
    },
    "root": {
      "inputs": {
        "nixpkgs": "nixpkgs"
      }
    }
  },
  "root": "root",
  "version": 7
}
